
Microsoft Visual Studio Solution File, Format Version 12.00
# Visual Studio Version 17
VisualStudioVersion = 17.8.34511.84
MinimumVisualStudioVersion = 10.0.40219.1
Project("{FAE04EC0-301F-11D3-BF4B-00C04F79EFBC}") = "Fractional", "Fractional\Fractional.csproj", "{AF850989-579F-402B-AB92-F7F8534593A4}"
EndProject
Global
	GlobalSection(SolutionConfigurationPlatforms) = preSolution
		Debug|Any CPU = Debug|Any CPU
		Release|Any CPU = Release|Any CPU
	EndGlobalSection
	GlobalSection(ProjectConfigurationPlatforms) = postSolution
		{AF850989-579F-402B-AB92-F7F8534593A4}.Debug|Any CPU.ActiveCfg = Debug|Any CPU
		{AF850989-579F-402B-AB92-F7F8534593A4}.Debug|Any CPU.Build.0 = Debug|Any CPU
		{AF850989-579F-402B-AB92-F7F8534593A4}.Release|Any CPU.ActiveCfg = Release|Any CPU
		{AF850989-579F-402B-AB92-F7F8534593A4}.Release|Any CPU.Build.0 = Release|Any CPU
	EndGlobalSection
	GlobalSection(SolutionProperties) = preSolution
		HideSolutionNode = FALSE
	EndGlobalSection
	GlobalSection(ExtensibilityGlobals) = postSolution
		SolutionGuid = {67F14B79-37AD-4921-B955-D438969A7774}
	EndGlobalSection
EndGlobal
